
Microsoft Visual Studio Solution File, Format Version 12.00
# Visual Studio Version 17
VisualStudioVersion = 17.9.34622.214
MinimumVisualStudioVersion = 10.0.40219.1
Project("{2150E333-8FDC-42A3-9474-1A3956D46DE8}") = "Desafio do diamante", "Desafio do diamante", "{E0531322-E6B9-40F2-80B5-B7F249EA4C0F}"
EndProject
Project("{FAE04EC0-301F-11D3-BF4B-00C04F79EFBC}") = "DesafioDiamanteConsoleApp", "DesafioDiamanteConsoleApp\DesafioDiamanteConsoleApp.csproj", "{911F7860-8946-4E67-926A-7D7DA68810FB}"
EndProject
Global
	GlobalSection(SolutionConfigurationPlatforms) = preSolution
		Debug|Any CPU = Debug|Any CPU
		Release|Any CPU = Release|Any CPU
	EndGlobalSection
	GlobalSection(ProjectConfigurationPlatforms) = postSolution
		{911F7860-8946-4E67-926A-7D7DA68810FB}.Debug|Any CPU.ActiveCfg = Debug|Any CPU
		{911F7860-8946-4E67-926A-7D7DA68810FB}.Debug|Any CPU.Build.0 = Debug|Any CPU
		{911F7860-8946-4E67-926A-7D7DA68810FB}.Release|Any CPU.ActiveCfg = Release|Any CPU
		{911F7860-8946-4E67-926A-7D7DA68810FB}.Release|Any CPU.Build.0 = Release|Any CPU
	EndGlobalSection
	GlobalSection(SolutionProperties) = preSolution
		HideSolutionNode = FALSE
	EndGlobalSection
	GlobalSection(NestedProjects) = preSolution
		{911F7860-8946-4E67-926A-7D7DA68810FB} = {E0531322-E6B9-40F2-80B5-B7F249EA4C0F}
	EndGlobalSection
	GlobalSection(ExtensibilityGlobals) = postSolution
		SolutionGuid = {D83F7C69-3AAD-4047-8EA8-B9945F7F5545}
	EndGlobalSection
EndGlobal
